# This file is automatically @generated by Cargo.
# It is not intended for manual editing.
[[package]]
name = "Chessbot5"
version = "0.1.0"
dependencies = [
 "asciis",
]

[[package]]
name = "asciis"
version = "0.1.3"
source = "registry+https://github.com/rust-lang/crates.io-index"
checksum = "760438bbdc5a6daf580b75c43a2b4e6c638104641fbd63c6af16821541ebe71a"
